
Microsoft Visual Studio Solution File, Format Version 12.00
# Visual Studio 15
VisualStudioVersion = 15.0.28010.2016
MinimumVisualStudioVersion = 10.0.40219.1
Project("{FAE04EC0-301F-11D3-BF4B-00C04F79EFBC}") = "MIC.Volo.HW_FibFunc", "MIC.Volo.HW_FibFunc\MIC.Volo.HW_FibFunc.csproj", "{636C494E-FAED-4823-8B7F-2EAE54B1C2A5}"
EndProject
Project("{FAE04EC0-301F-11D3-BF4B-00C04F79EFBC}") = "MIC.Volo_ToDoList", "MIC.Volo_ToDoList\MIC.Volo_ToDoList.csproj", "{7DCF40CD-DBD4-4F7E-B484-20DE58A6B799}"
EndProject
Project("{FAE04EC0-301F-11D3-BF4B-00C04F79EFBC}") = "MIC.Volo_Convertor_Eng-Arm", "MIC.Volo_Convertor_Eng-Arm\MIC.Volo_Convertor_Eng-Arm.csproj", "{D6EA1D47-CE5D-4BAE-B8F6-6CC50A07D2F4}"
EndProject
Global
	GlobalSection(SolutionConfigurationPlatforms) = preSolution
		Debug|Any CPU = Debug|Any CPU
		Release|Any CPU = Release|Any CPU
	EndGlobalSection
	GlobalSection(ProjectConfigurationPlatforms) = postSolution
		{636C494E-FAED-4823-8B7F-2EAE54B1C2A5}.Debug|Any CPU.ActiveCfg = Debug|Any CPU
		{636C494E-FAED-4823-8B7F-2EAE54B1C2A5}.Debug|Any CPU.Build.0 = Debug|Any CPU
		{636C494E-FAED-4823-8B7F-2EAE54B1C2A5}.Release|Any CPU.ActiveCfg = Release|Any CPU
		{636C494E-FAED-4823-8B7F-2EAE54B1C2A5}.Release|Any CPU.Build.0 = Release|Any CPU
		{7DCF40CD-DBD4-4F7E-B484-20DE58A6B799}.Debug|Any CPU.ActiveCfg = Debug|Any CPU
		{7DCF40CD-DBD4-4F7E-B484-20DE58A6B799}.Debug|Any CPU.Build.0 = Debug|Any CPU
		{7DCF40CD-DBD4-4F7E-B484-20DE58A6B799}.Release|Any CPU.ActiveCfg = Release|Any CPU
		{7DCF40CD-DBD4-4F7E-B484-20DE58A6B799}.Release|Any CPU.Build.0 = Release|Any CPU
		{D6EA1D47-CE5D-4BAE-B8F6-6CC50A07D2F4}.Debug|Any CPU.ActiveCfg = Debug|Any CPU
		{D6EA1D47-CE5D-4BAE-B8F6-6CC50A07D2F4}.Debug|Any CPU.Build.0 = Debug|Any CPU
		{D6EA1D47-CE5D-4BAE-B8F6-6CC50A07D2F4}.Release|Any CPU.ActiveCfg = Release|Any CPU
		{D6EA1D47-CE5D-4BAE-B8F6-6CC50A07D2F4}.Release|Any CPU.Build.0 = Release|Any CPU
	EndGlobalSection
	GlobalSection(SolutionProperties) = preSolution
		HideSolutionNode = FALSE
	EndGlobalSection
	GlobalSection(ExtensibilityGlobals) = postSolution
		SolutionGuid = {955FADCA-C366-4A25-B234-50E992DDF5B9}
	EndGlobalSection
EndGlobal
